# This file is automatically @generated by Poetry 1.8.2 and should not be changed by hand.

[[package]]
name = "bottle"
version = "0.13.4"
description = "Fast and simple WSGI-framework for small web-applications."
optional = true
python-versions = "*"
files = [
    {file = "bottle-0.13.4-py2.py3-none-any.whl", hash = "sha256:045684fbd2764eac9cdeb824861d1551d113e8b683d8d26e296898d3dd99a12e"},
    {file = "bottle-0.13.4.tar.gz", hash = "sha256:787e78327e12b227938de02248333d788cfe45987edca735f8f88e03472c3f47"},
]

[[package]]
name = "colorama"
version = "0.4.6"
description = "Cross-platform colored terminal text."
optional = false
python-versions = "!=3.0.*,!=3.1.*,!=3.2.*,!=3.3.*,!=3.4.*,!=3.5.*,!=3.6.*,>=2.7"
files = [
    {file = "colorama-0.4.6-py2.py3-none-any.whl", hash = "sha256:4f1d9991f5acc0ca119f9d443620b77f9d6b33703e51011c16baf57afb285fc6"},
    {file = "colorama-0.4.6.tar.gz", hash = "sha256:08695f5cb7ed6e0531a20572697297273c47b8cae5a63ffc6d6ed5c201be6e44"},
]

[[package]]
name = "iniconfig"
version = "2.3.0"
description = "brain-dead simple config-ini parsing"
optional = false
python-versions = ">=3.10"
files = [
    {file = "iniconfig-2.3.0-py3-none-any.whl", hash = "sha256:f631c04d2c48c52b84d0d0549c99ff3859c98df65b3101406327ecc7d53fbf12"},
    {file = "iniconfig-2.3.0.tar.gz", hash = "sha256:c76315c77db068650d49c5b56314774a7804df16fee4402c1f19d6d15d8c4730"},
]

[[package]]
name = "packaging"
version = "26.2"
description = "Core utilities for Python packages"
optional = false
python-versions = ">=3.8"
files = [
    {file = "packaging-26.2-py3-none-any.whl", hash = "sha256:5fc45236b9446107ff2415ce77c807cee2862cb6fac22b8a73826d0693b0980e"},
    {file = "packaging-26.2.tar.gz", hash = "sha256:ff452ff5a3e828ce110190feff1178bb1f2ea2281fa2075aadb987c2fb221661"},
]

[[package]]
name = "pluggy"
version = "1.6.0"
description = "plugin and hook calling mechanisms for python"
optional = false
python-versions = ">=3.9"
files = [
    {file = "pluggy-1.6.0-py3-none-any.whl", hash = "sha256:e920276dd6813095e9377c0bc5566d94c932c33b27a3e3945d8389c374dd4746"},
    {file = "pluggy-1.6.0.tar.gz", hash = "sha256:7dcc130b76258d33b90f61b658791dede3486c3e6bfb003ee5c9bfb396dd22f3"},
]

[package.extras]
dev = ["pre-commit", "tox"]
testing = ["coverage", "pytest", "pytest-benchmark"]

[[package]]
name = "proxy-tools"
version = "0.1.0"
description = "Proxy Implementation"
optional = true
python-versions = "*"
files = [
    {file = "proxy_tools-0.1.0.tar.gz", hash = "sha256:ccb3751f529c047e2d8a58440d86b205303cf0fe8146f784d1cbcd94f0a28010"},
]

[[package]]
name = "pycparser"
version = "3.0"
description = "C parser in Python"
optional = true
python-versions = ">=3.10"
files = [
    {file = "pycparser-3.0-py3-none-any.whl", hash = "sha256:b727414169a36b7d524c1c3e31839a521725078d7b2ff038656844266160a992"},
    {file = "pycparser-3.0.tar.gz", hash = "sha256:600f49d217304a5902ac3c37e1281c9fe94e4d0489de643a9504c5cdfdfc6b29"},
]

[[package]]
name = "pygments"
version = "2.20.0"
description = "Pygments is a syntax highlighting package written in Python."
optional = false
python-versions = ">=3.9"
files = [
    {file = "pygments-2.20.0-py3-none-any.whl", hash = "sha256:81a9e26dd42fd28a23a2d169d86d7ac03b46e2f8b59ed4698fb4785f946d0176"},
    {file = "pygments-2.20.0.tar.gz", hash = "sha256:6757cd03768053ff99f3039c1a36d6c0aa0b263438fcab17520b30a303a82b5f"},
]

[package.extras]
windows-terminal = ["colorama (>=0.4.6)"]

[[package]]
name = "pyobjc-core"
version = "12.2"
description = "Python<->ObjC Interoperability Module"
optional = true
python-versions = ">=3.10"
files = [
    {file = "pyobjc_core-12.2-cp310-cp310-macosx_10_9_universal2.whl", hash = "sha256:45fffb2b8dc0ae4480386429bd1e7fa8aabeb2eec81816d6971b33936dfcfff8"},
    {file = "pyobjc_core-12.2-cp311-cp311-macosx_10_9_universal2.whl", hash = "sha256:17b4e003af384d3086c2f39989a0b282c5755dd1066f331cf7c9fa65febe22ce"},
    {file = "pyobjc_core-12.2-cp312-cp312-macosx_10_13_universal2.whl", hash = "sha256:7677ed758a367bbbb5589d6f5276fb360a45c89168276c26162f61840b0fa03d"},
    {file = "pyobjc_core-12.2-cp313-cp313-macosx_10_13_universal2.whl", hash = "sha256:9287c7c46d6ae8676b4c6c0389a8f4b5381f42ae53a47151900c08b157e5a992"},
    {file = "pyobjc_core-12.2-cp313-cp313t-macosx_10_13_universal2.whl", hash = "sha256:515ecf2afe168301feb66a7230d700584ce2e4b8a0ac178e19450b8898384139"},
    {file = "pyobjc_core-12.2-cp314-cp314-macosx_10_15_universal2.whl", hash = "sha256:a51352e478785cd7fce1604b9902125a286139caea0759cb340e59d75b594992"},
    {file = "pyobjc_core-12.2-cp314-cp314t-macosx_10_15_universal2.whl", hash = "sha256:3137b2d14f9f2154fb5b1c092c38d15e164f68ab190c18335d76e4e7e1583f79"},
    {file = "pyobjc_core-12.2-cp315-cp315-macosx_10_15_universal2.whl", hash = "sha256:1e4216f2ec962dc13cf7f31b9bc3a7190337a0f401e7dc9de6b2d8c08b9dbb7a"},
    {file = "pyobjc_core-12.2-cp315-cp315t-macosx_10_15_universal2.whl", hash = "sha256:ac952bac8057dd0b97ee7b311c39f97cad7430b7cfbd67ca0a30135a7d17d2ab"},
    {file = "pyobjc_core-12.2.tar.gz", hash = "sha256:51d7de4cfa32f508c6a7aac31f131b12d5e196a8dcf588e6e8d7e6337224f66d"},
]

[[package]]
name = "pyobjc-framework-cocoa"
version = "12.2"
description = "Wrappers for the Cocoa frameworks on macOS"
optional = true
python-versions = ">=3.10"
files = [
    {file = "pyobjc_framework_cocoa-12.2-cp310-cp310-macosx_10_9_universal2.whl", hash = "sha256:a2efad455ded551d1a033fd22245d57b71b6c065e8b52158dceed1611b5ae033"},
    {file = "pyobjc_framework_cocoa-12.2-cp311-cp311-macosx_10_9_universal2.whl", hash = "sha256:0bb7cd468ca89bbc2d1d8acb930b4f4fdce8826de30a66608fc28f8880c1f6a6"},
    {file = "pyobjc_framework_cocoa-12.2-cp312-cp312-macosx_10_13_universal2.whl", hash = "sha256:06cb92d97d1af9d1f459ae6cf1d1a7b824c12d3aff1b709885966acd6b7208c2"},
    {file = "pyobjc_framework_cocoa-12.2-cp313-cp313-macosx_10_13_universal2.whl", hash = "sha256:f0bbe0abedfb24b11ff6c71e26cdefb0df001c6482f95591fad40c2688c16498"},
    {file = "pyobjc_framework_cocoa-12.2-cp313-cp313t-macosx_10_13_universal2.whl", hash = "sha256:46b6681e2b21b099ed095339c140f2c8137d6ac5658653166ee90722f9e3c621"},
    {file = "pyobjc_framework_cocoa-12.2-cp314-cp314-macosx_10_15_universal2.whl", hash = "sha256:aecfd44908fa12a9291fb6ca2458ebbc611102de6784f2202a35fd5ed9f56c60"},
    {file = "pyobjc_framework_cocoa-12.2-cp314-cp314t-macosx_10_15_universal2.whl", hash = "sha256:ef679740f541c52118149b558b757d1f11d9dcf30c2a23344b13a6af6a99a1ab"},
    {file = "pyobjc_framework_cocoa-12.2-cp315-cp315-macosx_10_15_universal2.whl", hash = "sha256:290e544a8c2d0786a34a359d825eaad44ebaaa3b30cdd765b2755422ca39a0d2"},
    {file = "pyobjc_framework_cocoa-12.2-cp315-cp315t-macosx_10_15_universal2.whl", hash = "sha256:5a0bed77b0b56074cc2b4564aae3e6e9d5da5fdf93252f50b6dbced0f7fece3a"},
    {file = "pyobjc_framework_cocoa-12.2.tar.gz", hash = "sha256:20b392e2b7241caad0538dfde12143343e5dfe48f72e7df660a7548e635903dc"},
]

[package.dependencies]
pyobjc-core = ">=12.2"

[[package]]
name = "pyobjc-framework-quartz"
version = "12.2"
description = "Wrappers for the Quartz frameworks on macOS"
optional = true
python-versions = ">=3.10"
files = [
    {file = "pyobjc_framework_quartz-12.2-cp310-cp310-macosx_10_9_universal2.whl", hash = "sha256:96201eb37192fde3abac348adacfc2d4e8af4e76d42752664d1e515f1db5d929"},
    {file = "pyobjc_framework_quartz-12.2-cp311-cp311-macosx_10_9_universal2.whl", hash = "sha256:2dec68f8d5b42030fb0f44bf1169a208318393f216a68048b4336649d877293a"},
    {file = "pyobjc_framework_quartz-12.2-cp312-cp312-macosx_10_13_universal2.whl", hash = "sha256:8b238979d62b6e0b90d466477eee968d8f2f6720e850af2472e01cef349293b4"},
    {file = "pyobjc_framework_quartz-12.2-cp313-cp313-macosx_10_13_universal2.whl", hash = "sha256:214c19aadfd100d9202994a22fbced804f7d60f8473de6f292111cc1668f9373"},
    {file = "pyobjc_framework_quartz-12.2-cp313-cp313t-macosx_10_13_universal2.whl", hash = "sha256:4e0634ee9782e480587a074d1d08867fa7ef0d845c2f6cbaef6a48b7d2c3899f"},
    {file = "pyobjc_framework_quartz-12.2-cp314-cp314-macosx_10_15_universal2.whl", hash = "sha256:08f7c7b42de70875cee15f4d0e217471e382ffac44d0a5bcfd30f583b9b41adb"},
    {file = "pyobjc_framework_quartz-12.2-cp314-cp314t-macosx_10_15_universal2.whl", hash = "sha256:57553e7085191f9421ec78fe57a8a0c8462e39d675014ac1e4b389381f04535a"},
    {file = "pyobjc_framework_quartz-12.2-cp315-cp315-macosx_10_15_universal2.whl", hash = "sha256:6fbd127d864108103d4980292ffca32bd9c1e5f643e0abd5773fdde2918afaca"},
    {file = "pyobjc_framework_quartz-12.2-cp315-cp315t-macosx_10_15_universal2.whl", hash = "sha256:359738c88b12427a30d73a3d202002ab910e31eebf6bee4550495ec8aa64a004"},
    {file = "pyobjc_framework_quartz-12.2.tar.gz", hash = "sha256:b343395d4790323b0376fe20c83ac468510ba19f65429323ca211708c939d107"},
]

[package.dependencies]
pyobjc-core = ">=12.2"
pyobjc-framework-Cocoa = ">=12.2"

[[package]]
name = "pyobjc-framework-security"
version = "12.2"
description = "Wrappers for the framework Security on macOS"
optional = true
python-versions = ">=3.10"
files = [
    {file = "pyobjc_framework_security-12.2-cp310-cp310-macosx_10_9_universal2.whl", hash = "sha256:ece714c9d18e7d8c4b8d1222133d7c3db52b2166b651e2ded57f77e99d59ae40"},
    {file = "pyobjc_framework_security-12.2-cp311-cp311-macosx_10_9_universal2.whl", hash = "sha256:92c4814f722aa0673757ac50a46c4fa3b934e22da2acca6d57ecf346e744c5db"},
    {file = "pyobjc_framework_security-12.2-cp312-cp312-macosx_10_13_universal2.whl", hash = "sha256:817986dfa66e5a323ada063f4af52e699e7ac58aeea054a54344f2ad5af9683b"},
    {file = "pyobjc_framework_security-12.2-cp313-cp313-macosx_10_13_universal2.whl", hash = "sha256:703b8544d2623a854f438b13ef4561402e6228eacfb0f0b2cbf28d2704815f44"},
    {file = "pyobjc_framework_security-12.2-cp313-cp313t-macosx_10_13_universal2.whl", hash = "sha256:10f03ed38e915f823640cbc19d5a921ee29ae266f0d76a2910c53fcd7cd61447"},
    {file = "pyobjc_framework_security-12.2-cp314-cp314-macosx_10_15_universal2.whl", hash = "sha256:a837738a85884518fa7d50de4b88c1df0fcc67241a05dec1b36272cb3aa37e22"},
    {file = "pyobjc_framework_security-12.2-cp314-cp314t-macosx_10_15_universal2.whl", hash = "sha256:448b9658b59bcf56f4bcdf9345592fb719db711cb0f490f75cdffc82121b7c8f"},
    {file = "pyobjc_framework_security-12.2-cp315-cp315-macosx_10_15_universal2.whl", hash = "sha256:65845ed21358e07544b57adebcf0b18de80afcc51c9c1da705689e35aa33d9f9"},
    {file = "pyobjc_framework_security-12.2-cp315-cp315t-macosx_10_15_universal2.whl", hash = "sha256:e1ffef0aff259884e728cdf4105610c462eeb7f9f624a670c24ca47cb4744eef"},
    {file = "pyobjc_framework_security-12.2.tar.gz", hash = "sha256:ef4d2d852a09360929e284c6f355964d84ac88b170207de1ac299fa1e1c33e40"},
]

[package.dependencies]
pyobjc-core = ">=12.2"
pyobjc-framework-Cocoa = ">=12.2"

[[package]]
name = "pyobjc-framework-uniformtypeidentifiers"
version = "12.2"
description = "Wrappers for the framework UniformTypeIdentifiers on macOS"
optional = true
python-versions = ">=3.10"
files = [
    {file = "pyobjc_framework_uniformtypeidentifiers-12.2-py2.py3-none-any.whl", hash = "sha256:f140a378cfe6a8ca47ce3b04fd5a4c4bec1fcbedac8acc87e2c18985bb805203"},
    {file = "pyobjc_framework_uniformtypeidentifiers-12.2.tar.gz", hash = "sha256:19cc82f1bbf3bc0999597779711422f6c9d7340634d699ae64d9bc7c0d79f984"},
]

[package.dependencies]
pyobjc-core = ">=12.2"
pyobjc-framework-Cocoa = ">=12.2"

[[package]]
name = "pyobjc-framework-webkit"
version = "12.2"
description = "Wrappers for the framework WebKit on macOS"
optional = true
python-versions = ">=3.10"
files = [
    {file = "pyobjc_framework_webkit-12.2-cp310-cp310-macosx_10_9_universal2.whl", hash = "sha256:2b5343662bc2d03fce3dad516b71b06a23ca5c1fec92fb56a407f8fa2e09691e"},
    {file = "pyobjc_framework_webkit-12.2-cp311-cp311-macosx_10_9_universal2.whl", hash = "sha256:a31e87a68bcff0d633f05105df4582fba6c85cae1e5e2529dec957e833bc63cc"},
    {file = "pyobjc_framework_webkit-12.2-cp312-cp312-macosx_10_13_universal2.whl", hash = "sha256:bd1e0f6f340a5516c853aa59fde381e002f2c109ae64a05ad4e99a2b74375fcb"},
    {file = "pyobjc_framework_webkit-12.2-cp313-cp313-macosx_10_13_universal2.whl", hash = "sha256:9fafcbf5a071cf9ad3fbc28155a99287ff9dc9efcaa41fe3ed3d79b6e5576450"},
    {file = "pyobjc_framework_webkit-12.2-cp313-cp313t-macosx_10_13_universal2.whl", hash = "sha256:751f3138441c81fdddc555f0bd31f5f3ad3ec72ae2ed626af24925ce32054353"},
    {file = "pyobjc_framework_webkit-12.2-cp314-cp314-macosx_10_15_universal2.whl", hash = "sha256:6cba6e76e33c62369d0fa8cb4b83959db4c53888173cb3546a15cd998c8e8aec"},
    {file = "pyobjc_framework_webkit-12.2-cp314-cp314t-macosx_10_15_universal2.whl", hash = "sha256:43a18df9a8d6b6f1f003a732eee0a0fcd01c2d31566be2b2ba8ee732c1a32cf9"},
    {file = "pyobjc_framework_webkit-12.2-cp315-cp315-macosx_10_15_universal2.whl", hash = "sha256:50dbd5210f80c7834b1af2b675712f6134217d713f2b2a8d9f96cf29be6ec8f0"},
    {file = "pyobjc_framework_webkit-12.2-cp315-cp315t-macosx_10_15_universal2.whl", hash = "sha256:e8895b2cbc8b5d4c1475a3094771d3b8e6dbbd19ec3200922b1cd91d649e8043"},
    {file = "pyobjc_framework_webkit-12.2.tar.gz", hash = "sha256:498353fe812006f7fe2829a679018fcff3ed2684aa31c08d8a8af929ee9283b6"},
]

[package.dependencies]
pyobjc-core = ">=12.2"
pyobjc-framework-Cocoa = ">=12.2"

[[package]]
name = "pytest"
version = "8.4.2"
description = "pytest: simple powerful testing with Python"
optional = false
python-versions = ">=3.9"
files = [
    {file = "pytest-8.4.2-py3-none-any.whl", hash = "sha256:872f880de3fc3a5bdc88a11b39c9710c3497a547cfa9320bc3c5e62fbf272e79"},
    {file = "pytest-8.4.2.tar.gz", hash = "sha256:86c0d0b93306b961d58d62a4db4879f27fe25513d4b969df351abdddb3c30e01"},
]

[package.dependencies]
colorama = {version = ">=0.4", markers = "sys_platform == \"win32\""}
iniconfig = ">=1"
packaging = ">=20"
pluggy = ">=1.5,<2"
pygments = ">=2.7.2"

[package.extras]
dev = ["argcomplete", "attrs (>=19.2)", "hypothesis (>=3.56)", "mock", "requests", "setuptools", "xmlschema"]

[[package]]
name = "pythonnet"
version = "2.5.2"
description = ".Net and Mono integration for Python"
optional = true
python-versions = "*"
files = [
    {file = "pythonnet-2.5.2-cp27-cp27m-win32.whl", hash = "sha256:d519bbc7b1cd3999651efc594d91cb67c46d1d8466dad3d83b578102e58d05bd"},
    {file = "pythonnet-2.5.2-cp27-cp27m-win_amd64.whl", hash = "sha256:c02f53d0e61b202cddf3198fac9553d5b4ee0ea0cc4fe658c2ed69ab24def276"},
    {file = "pythonnet-2.5.2-cp35-cp35m-win32.whl", hash = "sha256:840bdef89b378663d73f74f18895b6d8630d1f5671457a1db5ffb68179d85582"},
    {file = "pythonnet-2.5.2-cp35-cp35m-win_amd64.whl", hash = "sha256:d8e5b27de1e2cfb69b88782ac5cdf605b1a73598a85d86570e46961126628dbb"},
    {file = "pythonnet-2.5.2-cp36-cp36m-win32.whl", hash = "sha256:62645c29840c4a877d66e047f3e065b2e5a1a66431a99bce8d42a5af3a093ee1"},
    {file = "pythonnet-2.5.2-cp36-cp36m-win_amd64.whl", hash = "sha256:058e536062d1585d07ec5f2cf16aefcfc8eb8179faa90e5db0063d358469d025"},
    {file = "pythonnet-2.5.2-cp37-cp37m-win32.whl", hash = "sha256:cc77fc63e2afb0a80199ab44ced4fdfb78c19d8030063c345c80740d15380dd9"},
    {file = "pythonnet-2.5.2-cp37-cp37m-win_amd64.whl", hash = "sha256:80c8f5c9bd10440a73eb6aedbbacb2f3dd7701b474816f5ef7636f529d838d38"},
    {file = "pythonnet-2.5.2-cp38-cp38-win32.whl", hash = "sha256:41a607b7304e9efc6d4d8db438d6018a17c6637e8b8998848ff5c2a7a1b4687c"},
    {file = "pythonnet-2.5.2-cp38-cp38-win_amd64.whl", hash = "sha256:00a4fed9fc05b4efbe8947c79dc0799cffbca4c89e3e068e70b6618f20c906f2"},
    {file = "pythonnet-2.5.2.tar.gz", hash = "sha256:b7287480a1f6ae4b6fc80d775446d8af00e051ca1646b6cc3d32c5d3a461ede3"},
]

[package.dependencies]
pycparser = "*"

[[package]]
name = "pywebview"
version = "6.2.1"
description = "Build GUI for your Python program with JavaScript, HTML, and CSS"
optional = true
python-versions = ">=3.8"
files = [
    {file = "pywebview-6.2.1-py3-none-any.whl", hash = "sha256:9d07275f53894ab4d5e2e0e996227193e7187dec276d9b624dccbce029216b46"},
    {file = "pywebview-6.2.1.tar.gz", hash = "sha256:71b7136752e40824655304d938efb62014218d1a90bd8e87e1cbdb1ce9c466af"},
]

[package.dependencies]
bottle = "*"
proxy_tools = "*"
pyobjc-core = {version = ">=9.0", markers = "sys_platform == \"darwin\""}
pyobjc-framework-Cocoa = {version = ">=9.0", markers = "sys_platform == \"darwin\""}
pyobjc-framework-Quartz = {version = ">=9.0", markers = "sys_platform == \"darwin\""}
pyobjc-framework-security = {version = ">=9.0", markers = "sys_platform == \"darwin\""}
pyobjc-framework-UniformTypeIdentifiers = {version = ">=9.0", markers = "sys_platform == \"darwin\""}
pyobjc-framework-WebKit = {version = ">=9.0", markers = "sys_platform == \"darwin\""}
pythonnet = {version = "*", markers = "sys_platform == \"win32\""}
QtPy = {version = "*", markers = "sys_platform == \"openbsd6\""}
typing_extensions = "*"

[package.extras]
android = ["jnius"]
cef = ["cefpython3"]
dev = ["build", "pre-commit", "pytest", "ruff", "twine"]
gtk = ["PyGObject (==3.50.0)", "PyGObject-stubs"]
pyside2 = ["PySide2", "QtPy"]
pyside6 = ["PySide6", "QtPy"]
qt = ["PyQt6", "PyQt6-WebEngine", "QtPy"]
qt5 = ["PyQt5", "QtPy", "pyqtwebengine"]
qt6 = ["PyQt6", "PyQt6-WebEngine", "QtPy"]
ssl = ["cryptography"]

[[package]]
name = "qtpy"
version = "2.4.3"
description = "Provides an abstraction layer on top of the various Qt bindings (PyQt5/6 and PySide2/6)."
optional = true
python-versions = ">=3.7"
files = [
    {file = "QtPy-2.4.3-py3-none-any.whl", hash = "sha256:72095afe13673e017946cc258b8d5da43314197b741ed2890e563cf384b51aa1"},
    {file = "qtpy-2.4.3.tar.gz", hash = "sha256:db744f7832e6d3da90568ba6ccbca3ee2b3b4a890c3d6fbbc63142f6e4cdf5bb"},
]

[package.dependencies]
packaging = "*"

[package.extras]
test = ["pytest (>=6,!=7.0.0,!=7.0.1)", "pytest-cov (>=3.0.0)", "pytest-qt"]

[[package]]
name = "ruff"
version = "0.6.9"
description = "An extremely fast Python linter and code formatter, written in Rust."
optional = false
python-versions = ">=3.7"
files = [
    {file = "ruff-0.6.9-py3-none-linux_armv6l.whl", hash = "sha256:064df58d84ccc0ac0fcd63bc3090b251d90e2a372558c0f057c3f75ed73e1ccd"},
    {file = "ruff-0.6.9-py3-none-macosx_10_12_x86_64.whl", hash = "sha256:140d4b5c9f5fc7a7b074908a78ab8d384dd7f6510402267bc76c37195c02a7ec"},
    {file = "ruff-0.6.9-py3-none-macosx_11_0_arm64.whl", hash = "sha256:53fd8ca5e82bdee8da7f506d7b03a261f24cd43d090ea9db9a1dc59d9313914c"},
    {file = "ruff-0.6.9-py3-none-manylinux_2_17_aarch64.manylinux2014_aarch64.whl", hash = "sha256:645d7d8761f915e48a00d4ecc3686969761df69fb561dd914a773c1a8266e14e"},
    {file = "ruff-0.6.9-py3-none-manylinux_2_17_armv7l.manylinux2014_armv7l.whl", hash = "sha256:eae02b700763e3847595b9d2891488989cac00214da7f845f4bcf2989007d577"},
    {file = "ruff-0.6.9-py3-none-manylinux_2_17_i686.manylinux2014_i686.whl", hash = "sha256:7d5ccc9e58112441de8ad4b29dcb7a86dc25c5f770e3c06a9d57e0e5eba48829"},
    {file = "ruff-0.6.9-py3-none-manylinux_2_17_ppc64.manylinux2014_ppc64.whl", hash = "sha256:417b81aa1c9b60b2f8edc463c58363075412866ae4e2b9ab0f690dc1e87ac1b5"},
    {file = "ruff-0.6.9-py3-none-manylinux_2_17_ppc64le.manylinux2014_ppc64le.whl", hash = "sha256:3c866b631f5fbce896a74a6e4383407ba7507b815ccc52bcedabb6810fdb3ef7"},
    {file = "ruff-0.6.9-py3-none-manylinux_2_17_s390x.manylinux2014_s390x.whl", hash = "sha256:7b118afbb3202f5911486ad52da86d1d52305b59e7ef2031cea3425142b97d6f"},
    {file = "ruff-0.6.9-py3-none-manylinux_2_17_x86_64.manylinux2014_x86_64.whl", hash = "sha256:a67267654edc23c97335586774790cde402fb6bbdb3c2314f1fc087dee320bfa"},
    {file = "ruff-0.6.9-py3-none-musllinux_1_2_aarch64.whl", hash = "sha256:3ef0cc774b00fec123f635ce5c547dac263f6ee9fb9cc83437c5904183b55ceb"},
    {file = "ruff-0.6.9-py3-none-musllinux_1_2_armv7l.whl", hash = "sha256:12edd2af0c60fa61ff31cefb90aef4288ac4d372b4962c2864aeea3a1a2460c0"},
    {file = "ruff-0.6.9-py3-none-musllinux_1_2_i686.whl", hash = "sha256:55bb01caeaf3a60b2b2bba07308a02fca6ab56233302406ed5245180a05c5625"},
    {file = "ruff-0.6.9-py3-none-musllinux_1_2_x86_64.whl", hash = "sha256:925d26471fa24b0ce5a6cdfab1bb526fb4159952385f386bdcc643813d472039"},
    {file = "ruff-0.6.9-py3-none-win32.whl", hash = "sha256:eb61ec9bdb2506cffd492e05ac40e5bc6284873aceb605503d8494180d6fc84d"},
    {file = "ruff-0.6.9-py3-none-win_amd64.whl", hash = "sha256:785d31851c1ae91f45b3d8fe23b8ae4b5170089021fbb42402d811135f0b7117"},
    {file = "ruff-0.6.9-py3-none-win_arm64.whl", hash = "sha256:a9641e31476d601f83cd602608739a0840e348bda93fec9f1ee816f8b6798b93"},
    {file = "ruff-0.6.9.tar.gz", hash = "sha256:b076ef717a8e5bc819514ee1d602bbdca5b4420ae13a9cf61a0c0a4f53a2baa2"},
]

[[package]]
name = "typing-extensions"
version = "4.15.0"
description = "Backported and Experimental Type Hints for Python 3.9+"
optional = true
python-versions = ">=3.9"
files = [
    {file = "typing_extensions-4.15.0-py3-none-any.whl", hash = "sha256:f0fa19c6845758ab08074a0cfa8b7aecb71c999ca73d62883bc25cc018c4e548"},
    {file = "typing_extensions-4.15.0.tar.gz", hash = "sha256:0cea48d173cc12fa28ecabc3b837ea3cf6f38c6d1136f85cbaaf598984861466"},
]

[extras]
app = ["pywebview"]

[metadata]
lock-version = "2.0"
python-versions = "^3.11"
content-hash = "ebd81ec22355413976813b86fd1641ace7a3518ffd15078851014e5af17511f7"
